
Microsoft Visual Studio Solution File, Format Version 12.00
# Visual Studio 14
VisualStudioVersion = 14.0.24720.0
MinimumVisualStudioVersion = 10.0.40219.1
Project("{FAE04EC0-301F-11D3-BF4B-00C04F79EFBC}") = "Logic", "Logic\Logic.csproj", "{C4AE6D0B-FABC-4062-B94E-B165034FAB5F}"
EndProject
Project("{FAE04EC0-301F-11D3-BF4B-00C04F79EFBC}") = "ConsoleUI", "ConsoleUI\ConsoleUI.csproj", "{3225F5A8-DC40-4ED5-8000-FDAE3F32D9C2}"
EndProject
Project("{FAE04EC0-301F-11D3-BF4B-00C04F79EFBC}") = "WpfUI", "WpfUI\WpfUI.csproj", "{8ED60A70-A3D7-4C6A-927A-C15320CA7DEA}"
EndProject
Project("{FAE04EC0-301F-11D3-BF4B-00C04F79EFBC}") = "LogicS", "LogicS\LogicS.csproj", "{50CBCF26-6DBB-4240-9EDD-98B6995970D4}"
EndProject
Project("{FAE04EC0-301F-11D3-BF4B-00C04F79EFBC}") = "MvcUI", "MvcUI\MvcUI.csproj", "{5B04B205-3050-4D5D-9083-187EFD02E9EE}"
EndProject
Global
	GlobalSection(SolutionConfigurationPlatforms) = preSolution
		Debug|Any CPU = Debug|Any CPU
		Release|Any CPU = Release|Any CPU
	EndGlobalSection
	GlobalSection(ProjectConfigurationPlatforms) = postSolution
		{C4AE6D0B-FABC-4062-B94E-B165034FAB5F}.Debug|Any CPU.ActiveCfg = Debug|Any CPU
		{C4AE6D0B-FABC-4062-B94E-B165034FAB5F}.Debug|Any CPU.Build.0 = Debug|Any CPU
		{C4AE6D0B-FABC-4062-B94E-B165034FAB5F}.Release|Any CPU.ActiveCfg = Release|Any CPU
		{C4AE6D0B-FABC-4062-B94E-B165034FAB5F}.Release|Any CPU.Build.0 = Release|Any CPU
		{3225F5A8-DC40-4ED5-8000-FDAE3F32D9C2}.Debug|Any CPU.ActiveCfg = Debug|Any CPU
		{3225F5A8-DC40-4ED5-8000-FDAE3F32D9C2}.Debug|Any CPU.Build.0 = Debug|Any CPU
		{3225F5A8-DC40-4ED5-8000-FDAE3F32D9C2}.Release|Any CPU.ActiveCfg = Release|Any CPU
		{3225F5A8-DC40-4ED5-8000-FDAE3F32D9C2}.Release|Any CPU.Build.0 = Release|Any CPU
		{8ED60A70-A3D7-4C6A-927A-C15320CA7DEA}.Debug|Any CPU.ActiveCfg = Debug|Any CPU
		{8ED60A70-A3D7-4C6A-927A-C15320CA7DEA}.Debug|Any CPU.Build.0 = Debug|Any CPU
		{8ED60A70-A3D7-4C6A-927A-C15320CA7DEA}.Release|Any CPU.ActiveCfg = Release|Any CPU
		{8ED60A70-A3D7-4C6A-927A-C15320CA7DEA}.Release|Any CPU.Build.0 = Release|Any CPU
		{50CBCF26-6DBB-4240-9EDD-98B6995970D4}.Debug|Any CPU.ActiveCfg = Debug|Any CPU
		{50CBCF26-6DBB-4240-9EDD-98B6995970D4}.Debug|Any CPU.Build.0 = Debug|Any CPU
		{50CBCF26-6DBB-4240-9EDD-98B6995970D4}.Release|Any CPU.ActiveCfg = Release|Any CPU
		{50CBCF26-6DBB-4240-9EDD-98B6995970D4}.Release|Any CPU.Build.0 = Release|Any CPU
		{5B04B205-3050-4D5D-9083-187EFD02E9EE}.Debug|Any CPU.ActiveCfg = Debug|Any CPU
		{5B04B205-3050-4D5D-9083-187EFD02E9EE}.Debug|Any CPU.Build.0 = Debug|Any CPU
		{5B04B205-3050-4D5D-9083-187EFD02E9EE}.Release|Any CPU.ActiveCfg = Release|Any CPU
		{5B04B205-3050-4D5D-9083-187EFD02E9EE}.Release|Any CPU.Build.0 = Release|Any CPU
	EndGlobalSection
	GlobalSection(SolutionProperties) = preSolution
		HideSolutionNode = FALSE
	EndGlobalSection
EndGlobal
